
Microsoft Visual Studio Solution File, Format Version 12.00
# Visual Studio Version 17
VisualStudioVersion = 17.0.31919.166
MinimumVisualStudioVersion = 10.0.40219.1
Project("{FAE04EC0-301F-11D3-BF4B-00C04F79EFBC}") = "ZombieShooterGame", "ZombieShooterGame\ZombieShooterGame.csproj", "{612AE7F2-6593-4A7E-A7D8-8F618A2836EB}"
EndProject
Global
	GlobalSection(SolutionConfigurationPlatforms) = preSolution
		Debug|Any CPU = Debug|Any CPU
		Release|Any CPU = Release|Any CPU
	EndGlobalSection
	GlobalSection(ProjectConfigurationPlatforms) = postSolution
		{612AE7F2-6593-4A7E-A7D8-8F618A2836EB}.Debug|Any CPU.ActiveCfg = Debug|Any CPU
		{612AE7F2-6593-4A7E-A7D8-8F618A2836EB}.Debug|Any CPU.Build.0 = Debug|Any CPU
		{612AE7F2-6593-4A7E-A7D8-8F618A2836EB}.Release|Any CPU.ActiveCfg = Release|Any CPU
		{612AE7F2-6593-4A7E-A7D8-8F618A2836EB}.Release|Any CPU.Build.0 = Release|Any CPU
	EndGlobalSection
	GlobalSection(SolutionProperties) = preSolution
		HideSolutionNode = FALSE
	EndGlobalSection
	GlobalSection(ExtensibilityGlobals) = postSolution
		SolutionGuid = {89DB220C-5FA1-4B2C-97FD-40B7DF5F529A}
	EndGlobalSection
EndGlobal
